
Microsoft Visual Studio Solution File, Format Version 12.00
# Visual Studio Version 17
VisualStudioVersion = 17.7.34031.279
MinimumVisualStudioVersion = 10.0.40219.1
Project("{FAE04EC0-301F-11D3-BF4B-00C04F79EFBC}") = "BlazorLearner.Server", "Server\BlazorLearner.Server.csproj", "{D5972CED-2947-48D0-A82D-902D73B9EDD3}"
EndProject
Project("{FAE04EC0-301F-11D3-BF4B-00C04F79EFBC}") = "BlazorLearner.Client", "Client\BlazorLearner.Client.csproj", "{410E7F60-C8F5-493E-8D24-9C4FBA191159}"
EndProject
Project("{FAE04EC0-301F-11D3-BF4B-00C04F79EFBC}") = "BlazorLearner.Shared", "Shared\BlazorLearner.Shared.csproj", "{A46D9FE7-4FB7-46DA-A701-78B58FC4E294}"
EndProject
Global
	GlobalSection(SolutionConfigurationPlatforms) = preSolution
		Debug|Any CPU = Debug|Any CPU
		Release|Any CPU = Release|Any CPU
	EndGlobalSection
	GlobalSection(ProjectConfigurationPlatforms) = postSolution
		{D5972CED-2947-48D0-A82D-902D73B9EDD3}.Debug|Any CPU.ActiveCfg = Debug|Any CPU
		{D5972CED-2947-48D0-A82D-902D73B9EDD3}.Debug|Any CPU.Build.0 = Debug|Any CPU
		{D5972CED-2947-48D0-A82D-902D73B9EDD3}.Release|Any CPU.ActiveCfg = Release|Any CPU
		{D5972CED-2947-48D0-A82D-902D73B9EDD3}.Release|Any CPU.Build.0 = Release|Any CPU
		{410E7F60-C8F5-493E-8D24-9C4FBA191159}.Debug|Any CPU.ActiveCfg = Debug|Any CPU
		{410E7F60-C8F5-493E-8D24-9C4FBA191159}.Debug|Any CPU.Build.0 = Debug|Any CPU
		{410E7F60-C8F5-493E-8D24-9C4FBA191159}.Release|Any CPU.ActiveCfg = Release|Any CPU
		{410E7F60-C8F5-493E-8D24-9C4FBA191159}.Release|Any CPU.Build.0 = Release|Any CPU
		{A46D9FE7-4FB7-46DA-A701-78B58FC4E294}.Debug|Any CPU.ActiveCfg = Debug|Any CPU
		{A46D9FE7-4FB7-46DA-A701-78B58FC4E294}.Debug|Any CPU.Build.0 = Debug|Any CPU
		{A46D9FE7-4FB7-46DA-A701-78B58FC4E294}.Release|Any CPU.ActiveCfg = Release|Any CPU
		{A46D9FE7-4FB7-46DA-A701-78B58FC4E294}.Release|Any CPU.Build.0 = Release|Any CPU
	EndGlobalSection
	GlobalSection(SolutionProperties) = preSolution
		HideSolutionNode = FALSE
	EndGlobalSection
	GlobalSection(ExtensibilityGlobals) = postSolution
		SolutionGuid = {E9139BA8-A943-47C0-B7B2-A5039A7F21E8}
	EndGlobalSection
EndGlobal
